lockfile_version = 3

[[realization]]
realization_hash = "b3:bfbd0e9eb15aa1e9cf4dbe736fa974dc98bded60e2b432988e38ee51e444712a"
name = "dkjson"
version = "2.11-1"
kind = "lib"
source_hash = "b3:736026c095d0d92f41d668c8bab1c02f58902d677326cbeca0fb592092b214a3"
recipe_hash = "b3:25062268f0435d9199e4f33c2a4c7c3890c5eb1205496c228c5b08e4332e0c67"
artifact_hash = "b3:feb66e31f1f5665b714ef3b9a67b387ea3e5560c7da91e01bf5c71e12fc93333"
replay_mode = "portable_source"
runtime = "5.1"
lua_abi = "5.1"
target = "aarch64-macos"
constellation = "default"
source = "https://luarocks.org/dkjson-2.11-1.src.rock"
source_kind = "luarocks_src_rock"
source_payload = "sources/dkjson-2.11-1.src.rock"
rockspec = "https://luarocks.org/dkjson-2.11-1.rockspec"
rockspec_hash = "b3:f435b6b2f3924979d1a69598935ee7de27f35dbaa5dfa6b36aeda2f5f7356c44"
rockspec_payload = "sources/dkjson-2.11-1.rockspec"
resolver = "rocks"
registry = "rocks"
roles = ["runtime"]

[[realization]]
realization_hash = "b3:321a9ad59d2f86fdea6c65759fdada58c62b0ccf0b4fd46a0c598c134d5a5e3a"
name = "moonstone/luajit"
version = "2.1.0"
kind = "runtime"
source_hash = "b3:f4d32a967447c8d87a709c01fa5229748de4054e51dfa073e0ad1e61c2683bbf"
recipe_hash = "b3:87ce0ab3289a4de41594c7c8680a7ad440c612089cef0a503e1b440837005519"
artifact_hash = "b3:f4d32a967447c8d87a709c01fa5229748de4054e51dfa073e0ad1e61c2683bbf"
replay_mode = "artifact_only"
runtime = "moonstone/luajit"
lua_abi = "5.1"
target = "aarch64-macos"
constellation = "default"
source_kind = "runtime"
resolver = "moonstone"

[[realization]]
realization_hash = "b3:848e9c9c2f86c9ba98570c16de748219d95f545d5f4a2e83273ea96fd5fdd172"
name = "moonstone/clingy"
version = "0.6.4"
kind = "bin"
source_hash = "b3:0c5db40e344dc799275e83400e05660446ebc0dd320f0b611e846bf12a34a012"
recipe_hash = "b3:1e47312df8eecad914646a572bf9a493343dbafb12fc42a600bf3e9c0197a6c5"
artifact_hash = "b3:0c5db40e344dc799275e83400e05660446ebc0dd320f0b611e846bf12a34a012"
replay_mode = "portable_source"
runtime = "5.1"
lua_abi = "5.4"
target = "aarch64-macos"
constellation = "default"
source = "https://github.com/moonstone-sh/clingy/releases/download/v0.6.4/clingy-0.6.4-any.tar.gz"
source_kind = "archive"
source_payload = "sources/blob.tar.gz"
resolver = "moonstone"
registry = "moonstone"
roles = ["runtime"]

[[realization]]
realization_hash = "b3:3a7fc20b3d68601c9be511dae05db4666556406b5cbbaa0ace9e2c6f510eeec8"
name = "moonstone/lua"
version = "5.4.9"
kind = "runtime"
source_hash = "b3:4c1d2d5913070984ad436c0fc01efd3b293e829860302771b1b8d4c5e655fbde"
recipe_hash = "b3:1d647f98837a78457595da388d568ad4b1282f149271615ae73eb1da3fd76989"
artifact_hash = "b3:39bfa29bd95756b038e2f42deb93e325b9f7f2b80951a5a66a0f1b5639ee50c7"
replay_mode = "portable_source"
runtime = "5.1"
lua_abi = "lua54"
target = "aarch64-macos"
constellation = "default"
source = "blobs/b3/39/bf/39bfa29bd95756b038e2f42deb93e325b9f7f2b80951a5a66a0f1b5639ee50c7.tar.zst"
source_kind = "archive"
source_payload = "sources/blob.tar.zst"
source_url = "blobs/b3/4c/1d/4c1d2d5913070984ad436c0fc01efd3b293e829860302771b1b8d4c5e655fbde.tar.gz"
resolver = "moonstone"
registry = "moonstone"

[[realization]]
realization_hash = "b3:abfb825b221fedc8ee57886f6a9afb3faede7a06f336f0d6f2879d9a4b66ef04"
name = "moonstone/valua"
version = "0.2.7"
kind = "lib"
source_hash = "b3:1f69bfd19aa11075c6718c45e6e89c6355b24e21929d907100d6c2c95e4d3e2e"
recipe_hash = "b3:1dd7f3b7ecb05849072dae64094828f804f659cad8895c195cc01ce0c1048cee"
artifact_hash = "b3:1f69bfd19aa11075c6718c45e6e89c6355b24e21929d907100d6c2c95e4d3e2e"
replay_mode = "portable_source"
runtime = "5.1"
lua_abi = "5.4"
target = "aarch64-macos"
constellation = "default"
source = "https://github.com/moonstone-sh/valua/releases/download/v0.2.7/valua-0.2.7-any.tar.gz"
source_kind = "archive"
source_payload = "sources/blob.tar.gz"
resolver = "moonstone"
registry = "moonstone"
roles = ["runtime"]

[[realization]]
realization_hash = "b3:8a5920035b3633aa50f19d6021bf8770867ba17b3bce58ee0d6529eff025f541"
name = "moonstone/luals-composer"
version = "0.1.0"
kind = "lib"
source_hash = "b3:e4632615c6e230486024a1bfa59efcced28e36770ae74c7ad84945f1a0b3f2f4"
recipe_hash = "b3:2f9b38441c98de3dcfb75abaa2c4c990dbf2314928d938ea833e3de029ef38bd"
artifact_hash = "b3:71e89782ebae39ca2eef1bc35ef729a19f662efbc1ba66f79cadd8d0a7e1cfe0"
replay_mode = "portable_source"
runtime = "5.1"
lua_abi = ""
target = "aarch64-macos"
constellation = "default"
source = "blobs/b3/e4/63/e4632615c6e230486024a1bfa59efcced28e36770ae74c7ad84945f1a0b3f2f4.tar.gz"
source_kind = "command"
source_payload = "sources/blob.tar.gz"
resolver = "moonstone"
registry = "moonstone"
roles = ["runtime"]

[[realization]]
realization_hash = "b3:d6b77508509cf39738b49300879ec328108806bc88263758422e6c85f05b0c95"
name = "moonstone/alter"
version = "0.1.1"
kind = "lib"
source_hash = "b3:26d86055abf0730b3a5bcaa342556c6fceb64713fdcc248ee9462b2c7781fe4a"
recipe_hash = "b3:ec8fc174d419b620059534178037b9342700447e82d19c0a48d795e32153ccc0"
artifact_hash = "b3:26d86055abf0730b3a5bcaa342556c6fceb64713fdcc248ee9462b2c7781fe4a"
replay_mode = "portable_source"
runtime = "5.1"
lua_abi = "5.4"
target = "aarch64-macos"
constellation = "default"
source = "blobs/b3/26/d8/26d86055abf0730b3a5bcaa342556c6fceb64713fdcc248ee9462b2c7781fe4a.tar.gz"
source_kind = "archive"
source_payload = "sources/blob.tar.gz"
resolver = "moonstone"
registry = "moonstone"
roles = ["runtime"]

[[realization]]
realization_hash = "b3:3879ba2068694f9e2e24f80907fff634ec024a11f68d740003fbba317da17661"
name = "moonstone/alter-jsonc"
version = "0.1.1"
kind = "lib"
source_hash = "b3:f257bec3b1952c4dd65da2bde226d77522a0a652fb8fec93b9b319d0736ee55c"
recipe_hash = "b3:0d19f8fa17fd70f1397060faa959204190846418630d36fa52038f35ff13303c"
artifact_hash = "b3:f257bec3b1952c4dd65da2bde226d77522a0a652fb8fec93b9b319d0736ee55c"
replay_mode = "portable_source"
runtime = "5.1"
lua_abi = "5.4"
target = "aarch64-macos"
constellation = "default"
source = "blobs/b3/f2/57/f257bec3b1952c4dd65da2bde226d77522a0a652fb8fec93b9b319d0736ee55c.tar.gz"
source_kind = "archive"
source_payload = "sources/blob.tar.gz"
resolver = "moonstone"
registry = "moonstone"
roles = ["runtime"]

[[realization]]
realization_hash = "b3:d338fa4d035b227a1ad966a3b8ae598a0705abbcd9d6612c797624d44fc8a75c"
name = "moonstone/alter-json"
version = "0.1.1"
kind = "lib"
source_hash = "b3:f0a9e212d53c80a956daac20fe2d03b947f8dc89d59fb086658682f029de8f93"
recipe_hash = "b3:38673fa81ae0c9d607ce344fa0eb66bfee3e88c03d49c9fdffb834c7d3bb7299"
artifact_hash = "b3:f0a9e212d53c80a956daac20fe2d03b947f8dc89d59fb086658682f029de8f93"
replay_mode = "portable_source"
runtime = "5.1"
lua_abi = "5.4"
target = "aarch64-macos"
constellation = "default"
source = "blobs/b3/f0/a9/f0a9e212d53c80a956daac20fe2d03b947f8dc89d59fb086658682f029de8f93.tar.gz"
source_kind = "archive"
source_payload = "sources/blob.tar.gz"
resolver = "moonstone"
registry = "moonstone"
roles = ["runtime"]

[[realization]]
realization_hash = "b3:bfbd0e9eb15aa1e9cf4dbe736fa974dc98bded60e2b432988e38ee51e444712a"
name = "dkjson"
version = "2.11-1"
kind = "lib"
source_hash = "b3:736026c095d0d92f41d668c8bab1c02f58902d677326cbeca0fb592092b214a3"
recipe_hash = "b3:25062268f0435d9199e4f33c2a4c7c3890c5eb1205496c228c5b08e4332e0c67"
artifact_hash = "b3:feb66e31f1f5665b714ef3b9a67b387ea3e5560c7da91e01bf5c71e12fc93333"
replay_mode = "portable_source"
runtime = "5.1"
lua_abi = "5.1"
target = "aarch64-macos"
constellation = "default"
source = "https://luarocks.org/dkjson-2.11-1.src.rock"
source_kind = "luarocks_src_rock"
source_payload = "sources/dkjson-2.11-1.src.rock"
rockspec = "https://luarocks.org/dkjson-2.11-1.rockspec"
rockspec_hash = "b3:f435b6b2f3924979d1a69598935ee7de27f35dbaa5dfa6b36aeda2f5f7356c44"
rockspec_payload = "sources/dkjson-2.11-1.rockspec"
resolver = "rocks"
registry = "rocks"
roles = ["runtime"]

[[realization]]
realization_hash = "b3:e39fff1b710d58a325e9a2dea46f9a7c6c7ee9b69adb0e2a74114ca021880574"
name = "moonstone/clingy"
version = "0.6.4"
kind = "bin"
source_hash = "b3:0c5db40e344dc799275e83400e05660446ebc0dd320f0b611e846bf12a34a012"
recipe_hash = "b3:1e47312df8eecad914646a572bf9a493343dbafb12fc42a600bf3e9c0197a6c5"
artifact_hash = "b3:0c5db40e344dc799275e83400e05660446ebc0dd320f0b611e846bf12a34a012"
replay_mode = "portable_source"
runtime = "5.1"
lua_abi = "5.4"
target = "x86_64-linux-gnu"
constellation = "default"
source = "https://github.com/moonstone-sh/clingy/releases/download/v0.6.4/clingy-0.6.4-any.tar.gz"
source_kind = "archive"
source_payload = "sources/blob.tar.gz"
resolver = "moonstone"
registry = "moonstone"
roles = ["runtime"]

[[realization]]
realization_hash = "b3:cb149c10fec5bb47683a3df856258bc4189cd7ec1e3d37b50a7aeb8049d7407b"
name = "moonstone/lua"
version = "5.4.9"
kind = "runtime"
source_hash = "b3:4c1d2d5913070984ad436c0fc01efd3b293e829860302771b1b8d4c5e655fbde"
recipe_hash = "b3:250d65afbd114183f818ac2d3aa5cc521fdf2149e4e45c6cdd30f1202093cb82"
artifact_hash = "b3:dde067cacdbcad3264f1e70795c65ebedae993e3ea4248c230f3113b6657ee48"
replay_mode = "portable_source"
runtime = "5.1"
lua_abi = "lua54"
target = "x86_64-linux-gnu"
constellation = "default"
source = "blobs/b3/dd/e0/dde067cacdbcad3264f1e70795c65ebedae993e3ea4248c230f3113b6657ee48.tar.zst"
source_kind = "archive"
source_payload = "sources/blob.tar.zst"
source_url = "blobs/b3/4c/1d/4c1d2d5913070984ad436c0fc01efd3b293e829860302771b1b8d4c5e655fbde.tar.gz"
resolver = "moonstone"
registry = "moonstone"

[[realization]]
realization_hash = "b3:e81fd4ecdafe6d62a0c1d0d4c157e4706edfad592da0693b3e04140c3c7e6c15"
name = "moonstone/valua"
version = "0.2.7"
kind = "lib"
source_hash = "b3:1f69bfd19aa11075c6718c45e6e89c6355b24e21929d907100d6c2c95e4d3e2e"
recipe_hash = "b3:1dd7f3b7ecb05849072dae64094828f804f659cad8895c195cc01ce0c1048cee"
artifact_hash = "b3:1f69bfd19aa11075c6718c45e6e89c6355b24e21929d907100d6c2c95e4d3e2e"
replay_mode = "portable_source"
runtime = "5.1"
lua_abi = "5.4"
target = "x86_64-linux-gnu"
constellation = "default"
source = "https://github.com/moonstone-sh/valua/releases/download/v0.2.7/valua-0.2.7-any.tar.gz"
source_kind = "archive"
source_payload = "sources/blob.tar.gz"
resolver = "moonstone"
registry = "moonstone"
roles = ["runtime"]

[[realization]]
realization_hash = "b3:a68b7b15a4f7d876e473cf8c9cfea2dd5f5826015fe35521c5efa52f62a18a87"
name = "moonstone/luals-composer"
version = "0.1.0"
kind = "lib"
source_hash = "b3:e4632615c6e230486024a1bfa59efcced28e36770ae74c7ad84945f1a0b3f2f4"
recipe_hash = "b3:2f9b38441c98de3dcfb75abaa2c4c990dbf2314928d938ea833e3de029ef38bd"
artifact_hash = "b3:71e89782ebae39ca2eef1bc35ef729a19f662efbc1ba66f79cadd8d0a7e1cfe0"
replay_mode = "portable_source"
runtime = "5.1"
lua_abi = ""
target = "x86_64-linux-gnu"
constellation = "default"
source = "blobs/b3/e4/63/e4632615c6e230486024a1bfa59efcced28e36770ae74c7ad84945f1a0b3f2f4.tar.gz"
source_kind = "command"
source_payload = "sources/blob.tar.gz"
resolver = "moonstone"
registry = "moonstone"
roles = ["runtime"]

[[realization]]
realization_hash = "b3:fcf558fb33fd78302bcde1a371396602f64910d9e2a625ab841e4c87e9d27b4a"
name = "moonstone/alter"
version = "0.1.1"
kind = "lib"
source_hash = "b3:26d86055abf0730b3a5bcaa342556c6fceb64713fdcc248ee9462b2c7781fe4a"
recipe_hash = "b3:ec8fc174d419b620059534178037b9342700447e82d19c0a48d795e32153ccc0"
artifact_hash = "b3:26d86055abf0730b3a5bcaa342556c6fceb64713fdcc248ee9462b2c7781fe4a"
replay_mode = "portable_source"
runtime = "5.1"
lua_abi = "5.4"
target = "x86_64-linux-gnu"
constellation = "default"
source = "blobs/b3/26/d8/26d86055abf0730b3a5bcaa342556c6fceb64713fdcc248ee9462b2c7781fe4a.tar.gz"
source_kind = "archive"
source_payload = "sources/blob.tar.gz"
resolver = "moonstone"
registry = "moonstone"
roles = ["runtime"]

[[realization]]
realization_hash = "b3:23b5eeb89d4c7a84c4777c076dafa8d16d87a00e02ba2537e429c8cde8167be0"
name = "moonstone/alter-jsonc"
version = "0.1.1"
kind = "lib"
source_hash = "b3:f257bec3b1952c4dd65da2bde226d77522a0a652fb8fec93b9b319d0736ee55c"
recipe_hash = "b3:0d19f8fa17fd70f1397060faa959204190846418630d36fa52038f35ff13303c"
artifact_hash = "b3:f257bec3b1952c4dd65da2bde226d77522a0a652fb8fec93b9b319d0736ee55c"
replay_mode = "portable_source"
runtime = "5.1"
lua_abi = "5.4"
target = "x86_64-linux-gnu"
constellation = "default"
source = "blobs/b3/f2/57/f257bec3b1952c4dd65da2bde226d77522a0a652fb8fec93b9b319d0736ee55c.tar.gz"
source_kind = "archive"
source_payload = "sources/blob.tar.gz"
resolver = "moonstone"
registry = "moonstone"
roles = ["runtime"]

[[realization]]
realization_hash = "b3:e5d6e7d8b1f34c3d80e94f16428c57603222c8ba0ad3ec347878413b7ee6b743"
name = "moonstone/alter-json"
version = "0.1.1"
kind = "lib"
source_hash = "b3:f0a9e212d53c80a956daac20fe2d03b947f8dc89d59fb086658682f029de8f93"
recipe_hash = "b3:38673fa81ae0c9d607ce344fa0eb66bfee3e88c03d49c9fdffb834c7d3bb7299"
artifact_hash = "b3:f0a9e212d53c80a956daac20fe2d03b947f8dc89d59fb086658682f029de8f93"
replay_mode = "portable_source"
runtime = "5.1"
lua_abi = "5.4"
target = "x86_64-linux-gnu"
constellation = "default"
source = "blobs/b3/f0/a9/f0a9e212d53c80a956daac20fe2d03b947f8dc89d59fb086658682f029de8f93.tar.gz"
source_kind = "archive"
source_payload = "sources/blob.tar.gz"
resolver = "moonstone"
registry = "moonstone"
roles = ["runtime"]

[[realization]]
realization_hash = "b3:a4f67ae157c1aa043d67af95eff111e732164f0947d4d72c48d5537ac9140096"
name = "dkjson"
version = "2.11-1"
kind = "lib"
source_hash = "b3:736026c095d0d92f41d668c8bab1c02f58902d677326cbeca0fb592092b214a3"
recipe_hash = "b3:25062268f0435d9199e4f33c2a4c7c3890c5eb1205496c228c5b08e4332e0c67"
artifact_hash = "b3:feb66e31f1f5665b714ef3b9a67b387ea3e5560c7da91e01bf5c71e12fc93333"
replay_mode = "portable_source"
runtime = "5.1"
lua_abi = "5.1"
target = "x86_64-linux-gnu"
constellation = "default"
source = "https://luarocks.org/dkjson-2.11-1.src.rock"
source_kind = "luarocks_src_rock"
source_payload = "sources/dkjson-2.11-1.src.rock"
rockspec = "https://luarocks.org/dkjson-2.11-1.rockspec"
rockspec_hash = "b3:f435b6b2f3924979d1a69598935ee7de27f35dbaa5dfa6b36aeda2f5f7356c44"
rockspec_payload = "sources/dkjson-2.11-1.rockspec"
resolver = "rocks"
registry = "rocks"
roles = ["runtime"]

[[realization]]
realization_hash = "b3:9a6ce0335f58d90f2353c8066e6d5000f8b82c94c1b04a000f2435f5e3f52376"
name = "moonstone/luajit"
version = "2.1.0"
kind = "runtime"
recipe_hash = "b3:e3a0759531defe897160507381f815b829373dfcc7b2126ec1c36fa1acd0743a"
artifact_hash = "b3:944315c9c5dae5dbefa301abac275b0d39fd2c11eaa286eba2c7f014df7628cb"
replay_mode = "artifact_only"
runtime = "moonstone/luajit"
lua_abi = "5.1"
target = "x86_64-linux-gnu"
constellation = "default"
source_kind = "runtime"
resolver = "moonstone"

[[realization]]
realization_hash = "b3:e39fff1b710d58a325e9a2dea46f9a7c6c7ee9b69adb0e2a74114ca021880574"
name = "moonstone/clingy"
version = "0.6.4"
kind = "bin"
source_hash = "b3:0c5db40e344dc799275e83400e05660446ebc0dd320f0b611e846bf12a34a012"
recipe_hash = "b3:1e47312df8eecad914646a572bf9a493343dbafb12fc42a600bf3e9c0197a6c5"
artifact_hash = "b3:0c5db40e344dc799275e83400e05660446ebc0dd320f0b611e846bf12a34a012"
replay_mode = "portable_source"
runtime = "5.1"
lua_abi = "5.4"
target = "x86_64-linux-gnu"
constellation = "default"
source = "https://github.com/moonstone-sh/clingy/releases/download/v0.6.4/clingy-0.6.4-any.tar.gz"
source_kind = "archive"
source_payload = "sources/blob.tar.gz"
resolver = "moonstone"
registry = "moonstone"
roles = ["runtime"]

[[realization]]
realization_hash = "b3:cb149c10fec5bb47683a3df856258bc4189cd7ec1e3d37b50a7aeb8049d7407b"
name = "moonstone/lua"
version = "5.4.9"
kind = "runtime"
source_hash = "b3:4c1d2d5913070984ad436c0fc01efd3b293e829860302771b1b8d4c5e655fbde"
recipe_hash = "b3:250d65afbd114183f818ac2d3aa5cc521fdf2149e4e45c6cdd30f1202093cb82"
artifact_hash = "b3:dde067cacdbcad3264f1e70795c65ebedae993e3ea4248c230f3113b6657ee48"
replay_mode = "portable_source"
runtime = "5.1"
lua_abi = "lua54"
target = "x86_64-linux-gnu"
constellation = "default"
source = "blobs/b3/dd/e0/dde067cacdbcad3264f1e70795c65ebedae993e3ea4248c230f3113b6657ee48.tar.zst"
source_kind = "archive"
source_payload = "sources/blob.tar.zst"
source_url = "blobs/b3/4c/1d/4c1d2d5913070984ad436c0fc01efd3b293e829860302771b1b8d4c5e655fbde.tar.gz"
resolver = "moonstone"
registry = "moonstone"

[[realization]]
realization_hash = "b3:e81fd4ecdafe6d62a0c1d0d4c157e4706edfad592da0693b3e04140c3c7e6c15"
name = "moonstone/valua"
version = "0.2.7"
kind = "lib"
source_hash = "b3:1f69bfd19aa11075c6718c45e6e89c6355b24e21929d907100d6c2c95e4d3e2e"
recipe_hash = "b3:1dd7f3b7ecb05849072dae64094828f804f659cad8895c195cc01ce0c1048cee"
artifact_hash = "b3:1f69bfd19aa11075c6718c45e6e89c6355b24e21929d907100d6c2c95e4d3e2e"
replay_mode = "portable_source"
runtime = "5.1"
lua_abi = "5.4"
target = "x86_64-linux-gnu"
constellation = "default"
source = "https://github.com/moonstone-sh/valua/releases/download/v0.2.7/valua-0.2.7-any.tar.gz"
source_kind = "archive"
source_payload = "sources/blob.tar.gz"
resolver = "moonstone"
registry = "moonstone"
roles = ["runtime"]

[[realization]]
realization_hash = "b3:a68b7b15a4f7d876e473cf8c9cfea2dd5f5826015fe35521c5efa52f62a18a87"
name = "moonstone/luals-composer"
version = "0.1.0"
kind = "lib"
source_hash = "b3:e4632615c6e230486024a1bfa59efcced28e36770ae74c7ad84945f1a0b3f2f4"
recipe_hash = "b3:2f9b38441c98de3dcfb75abaa2c4c990dbf2314928d938ea833e3de029ef38bd"
artifact_hash = "b3:71e89782ebae39ca2eef1bc35ef729a19f662efbc1ba66f79cadd8d0a7e1cfe0"
replay_mode = "portable_source"
runtime = "5.1"
lua_abi = ""
target = "x86_64-linux-gnu"
constellation = "default"
source = "blobs/b3/e4/63/e4632615c6e230486024a1bfa59efcced28e36770ae74c7ad84945f1a0b3f2f4.tar.gz"
source_kind = "command"
source_payload = "sources/blob.tar.gz"
resolver = "moonstone"
registry = "moonstone"
roles = ["runtime"]

[[realization]]
realization_hash = "b3:fcf558fb33fd78302bcde1a371396602f64910d9e2a625ab841e4c87e9d27b4a"
name = "moonstone/alter"
version = "0.1.1"
kind = "lib"
source_hash = "b3:26d86055abf0730b3a5bcaa342556c6fceb64713fdcc248ee9462b2c7781fe4a"
recipe_hash = "b3:ec8fc174d419b620059534178037b9342700447e82d19c0a48d795e32153ccc0"
artifact_hash = "b3:26d86055abf0730b3a5bcaa342556c6fceb64713fdcc248ee9462b2c7781fe4a"
replay_mode = "portable_source"
runtime = "5.1"
lua_abi = "5.4"
target = "x86_64-linux-gnu"
constellation = "default"
source = "blobs/b3/26/d8/26d86055abf0730b3a5bcaa342556c6fceb64713fdcc248ee9462b2c7781fe4a.tar.gz"
source_kind = "archive"
source_payload = "sources/blob.tar.gz"
resolver = "moonstone"
registry = "moonstone"
roles = ["runtime"]

[[realization]]
realization_hash = "b3:23b5eeb89d4c7a84c4777c076dafa8d16d87a00e02ba2537e429c8cde8167be0"
name = "moonstone/alter-jsonc"
version = "0.1.1"
kind = "lib"
source_hash = "b3:f257bec3b1952c4dd65da2bde226d77522a0a652fb8fec93b9b319d0736ee55c"
recipe_hash = "b3:0d19f8fa17fd70f1397060faa959204190846418630d36fa52038f35ff13303c"
artifact_hash = "b3:f257bec3b1952c4dd65da2bde226d77522a0a652fb8fec93b9b319d0736ee55c"
replay_mode = "portable_source"
runtime = "5.1"
lua_abi = "5.4"
target = "x86_64-linux-gnu"
constellation = "default"
source = "blobs/b3/f2/57/f257bec3b1952c4dd65da2bde226d77522a0a652fb8fec93b9b319d0736ee55c.tar.gz"
source_kind = "archive"
source_payload = "sources/blob.tar.gz"
resolver = "moonstone"
registry = "moonstone"
roles = ["runtime"]

[[realization]]
realization_hash = "b3:e5d6e7d8b1f34c3d80e94f16428c57603222c8ba0ad3ec347878413b7ee6b743"
name = "moonstone/alter-json"
version = "0.1.1"
kind = "lib"
source_hash = "b3:f0a9e212d53c80a956daac20fe2d03b947f8dc89d59fb086658682f029de8f93"
recipe_hash = "b3:38673fa81ae0c9d607ce344fa0eb66bfee3e88c03d49c9fdffb834c7d3bb7299"
artifact_hash = "b3:f0a9e212d53c80a956daac20fe2d03b947f8dc89d59fb086658682f029de8f93"
replay_mode = "portable_source"
runtime = "5.1"
lua_abi = "5.4"
target = "x86_64-linux-gnu"
constellation = "default"
source = "blobs/b3/f0/a9/f0a9e212d53c80a956daac20fe2d03b947f8dc89d59fb086658682f029de8f93.tar.gz"
source_kind = "archive"
source_payload = "sources/blob.tar.gz"
resolver = "moonstone"
registry = "moonstone"
roles = ["runtime"]

[[realization]]
realization_hash = "b3:a4f67ae157c1aa043d67af95eff111e732164f0947d4d72c48d5537ac9140096"
name = "dkjson"
version = "2.11-1"
kind = "lib"
source_hash = "b3:736026c095d0d92f41d668c8bab1c02f58902d677326cbeca0fb592092b214a3"
recipe_hash = "b3:25062268f0435d9199e4f33c2a4c7c3890c5eb1205496c228c5b08e4332e0c67"
artifact_hash = "b3:feb66e31f1f5665b714ef3b9a67b387ea3e5560c7da91e01bf5c71e12fc93333"
replay_mode = "portable_source"
runtime = "5.1"
lua_abi = "5.1"
target = "x86_64-linux-gnu"
constellation = "default"
source = "https://luarocks.org/dkjson-2.11-1.src.rock"
source_kind = "luarocks_src_rock"
source_payload = "sources/dkjson-2.11-1.src.rock"
rockspec = "https://luarocks.org/dkjson-2.11-1.rockspec"
rockspec_hash = "b3:f435b6b2f3924979d1a69598935ee7de27f35dbaa5dfa6b36aeda2f5f7356c44"
rockspec_payload = "sources/dkjson-2.11-1.rockspec"
resolver = "rocks"
registry = "rocks"
roles = ["runtime"]

[[profile]]
id = "aarch64-macos+moonstone/luajit+5.1"
target = "aarch64-macos"
runtime = "moonstone/luajit"
lua_abi = "5.1"
packages = [{ name = "moonstone/luajit", version = "2.1.0", realization_hash = "b3:321a9ad59d2f86fdea6c65759fdada58c62b0ccf0b4fd46a0c598c134d5a5e3a" }, { name = "moonstone/clingy", version = "0.6.4", realization_hash = "b3:848e9c9c2f86c9ba98570c16de748219d95f545d5f4a2e83273ea96fd5fdd172" }, { name = "moonstone/lua", version = "5.4.9", realization_hash = "b3:3a7fc20b3d68601c9be511dae05db4666556406b5cbbaa0ace9e2c6f510eeec8" }, { name = "moonstone/valua", version = "0.2.7", realization_hash = "b3:abfb825b221fedc8ee57886f6a9afb3faede7a06f336f0d6f2879d9a4b66ef04" }, { name = "moonstone/luals-composer", version = "0.1.0", realization_hash = "b3:8a5920035b3633aa50f19d6021bf8770867ba17b3bce58ee0d6529eff025f541" }, { name = "moonstone/alter", version = "0.1.1", realization_hash = "b3:d6b77508509cf39738b49300879ec328108806bc88263758422e6c85f05b0c95" }, { name = "moonstone/alter-jsonc", version = "0.1.1", realization_hash = "b3:3879ba2068694f9e2e24f80907fff634ec024a11f68d740003fbba317da17661" }, { name = "moonstone/alter-json", version = "0.1.1", realization_hash = "b3:d338fa4d035b227a1ad966a3b8ae598a0705abbcd9d6612c797624d44fc8a75c" }, { name = "dkjson", version = "2.11-1", realization_hash = "b3:bfbd0e9eb15aa1e9cf4dbe736fa974dc98bded60e2b432988e38ee51e444712a" }]
edges = []

[[profile]]
id = "x86_64-linux-gnu+moonstone/luajit+5.1"
target = "x86_64-linux-gnu"
runtime = "moonstone/luajit"
lua_abi = "5.1"
packages = [{ name = "moonstone/luajit", version = "2.1.0", realization_hash = "b3:9a6ce0335f58d90f2353c8066e6d5000f8b82c94c1b04a000f2435f5e3f52376" }, { name = "moonstone/clingy", version = "0.6.4", realization_hash = "b3:e39fff1b710d58a325e9a2dea46f9a7c6c7ee9b69adb0e2a74114ca021880574" }, { name = "moonstone/lua", version = "5.4.9", realization_hash = "b3:cb149c10fec5bb47683a3df856258bc4189cd7ec1e3d37b50a7aeb8049d7407b" }, { name = "moonstone/valua", version = "0.2.7", realization_hash = "b3:e81fd4ecdafe6d62a0c1d0d4c157e4706edfad592da0693b3e04140c3c7e6c15" }, { name = "moonstone/luals-composer", version = "0.1.0", realization_hash = "b3:a68b7b15a4f7d876e473cf8c9cfea2dd5f5826015fe35521c5efa52f62a18a87" }, { name = "moonstone/alter", version = "0.1.1", realization_hash = "b3:fcf558fb33fd78302bcde1a371396602f64910d9e2a625ab841e4c87e9d27b4a" }, { name = "moonstone/alter-jsonc", version = "0.1.1", realization_hash = "b3:23b5eeb89d4c7a84c4777c076dafa8d16d87a00e02ba2537e429c8cde8167be0" }, { name = "moonstone/alter-json", version = "0.1.1", realization_hash = "b3:e5d6e7d8b1f34c3d80e94f16428c57603222c8ba0ad3ec347878413b7ee6b743" }, { name = "dkjson", version = "2.11-1", realization_hash = "b3:a4f67ae157c1aa043d67af95eff111e732164f0947d4d72c48d5537ac9140096" }]
edges = []
